
Microsoft Visual Studio Solution File, Format Version 12.00
# Visual Studio Version 17
VisualStudioVersion = 17.0.32014.148
MinimumVisualStudioVersion = 10.0.40219.1
Project("{FAE04EC0-301F-11D3-BF4B-00C04F79EFBC}") = "WeAreTheChampions", "WeAreTheChampions\WeAreTheChampions.csproj", "{17014D63-DBA1-449F-AB22-CF4EB7E5C16C}"
EndProject
Global
	GlobalSection(SolutionConfigurationPlatforms) = preSolution
		Debug|Any CPU = Debug|Any CPU
		Release|Any CPU = Release|Any CPU
	EndGlobalSection
	GlobalSection(ProjectConfigurationPlatforms) = postSolution
		{17014D63-DBA1-449F-AB22-CF4EB7E5C16C}.Debug|Any CPU.ActiveCfg = Debug|Any CPU
		{17014D63-DBA1-449F-AB22-CF4EB7E5C16C}.Debug|Any CPU.Build.0 = Debug|Any CPU
		{17014D63-DBA1-449F-AB22-CF4EB7E5C16C}.Release|Any CPU.ActiveCfg = Release|Any CPU
		{17014D63-DBA1-449F-AB22-CF4EB7E5C16C}.Release|Any CPU.Build.0 = Release|Any CPU
	EndGlobalSection
	GlobalSection(SolutionProperties) = preSolution
		HideSolutionNode = FALSE
	EndGlobalSection
	GlobalSection(ExtensibilityGlobals) = postSolution
		SolutionGuid = {00767F6D-8D0A-4AA0-A95E-94E31297F186}
	EndGlobalSection
EndGlobal
